
Microsoft Visual Studio Solution File, Format Version 12.00
# Visual Studio 15
VisualStudioVersion = 15.0.27428.2015
MinimumVisualStudioVersion = 10.0.40219.1
Project("{FAE04EC0-301F-11D3-BF4B-00C04F79EFBC}") = "InstaCrawler", "InstaCrawler\InstaCrawler.csproj", "{5A352E7C-4D2C-4A81-8648-7E0DC44133EB}"
EndProject
Global
	GlobalSection(SolutionConfigurationPlatforms) = preSolution
		Debug|Any CPU = Debug|Any CPU
		Release|Any CPU = Release|Any CPU
	EndGlobalSection
	GlobalSection(ProjectConfigurationPlatforms) = postSolution
		{5A352E7C-4D2C-4A81-8648-7E0DC44133EB}.Debug|Any CPU.ActiveCfg = Debug|Any CPU
		{5A352E7C-4D2C-4A81-8648-7E0DC44133EB}.Debug|Any CPU.Build.0 = Debug|Any CPU
		{5A352E7C-4D2C-4A81-8648-7E0DC44133EB}.Release|Any CPU.ActiveCfg = Release|Any CPU
		{5A352E7C-4D2C-4A81-8648-7E0DC44133EB}.Release|Any CPU.Build.0 = Release|Any CPU
	EndGlobalSection
	GlobalSection(SolutionProperties) = preSolution
		HideSolutionNode = FALSE
	EndGlobalSection
	GlobalSection(ExtensibilityGlobals) = postSolution
		SolutionGuid = {CD2691F9-441B-42FA-9CE7-24479A8E8F55}
	EndGlobalSection
EndGlobal
